// !$*UTF8*$!
{
	archiveVersion = 1;
	classes = {
	};
	objectVersion = 46;
	objects = {

/* Begin PBXBuildFile section */
		C70F23771A777F5A00A131F1 /* binSeq.cpp in Sources */ = {isa = PBXBuildFile; fileRef = C70F23751A777F5A00A131F1 /* binSeq.cpp */; };
		C7103C841A6013CF00B2475E /* MappingSupervisor.cpp in Sources */ = {isa = PBXBuildFile; fileRef = C7103C821A6013CF00B2475E /* MappingSupervisor.cpp */; };
		C7103C871A6017A600B2475E /* Utils.cpp in Sources */ = {isa = PBXBuildFile; fileRef = C7103C851A6017A600B2475E /* Utils.cpp */; };
		C749FA931A40812000594542 /* main.cpp in Sources */ = {isa = PBXBuildFile; fileRef = C749FA921A40812000594542 /* main.cpp */; };
/* End PBXBuildFile section */

/* Begin PBXCopyFilesBuildPhase section */
		C749FA8D1A40812000594542 /* CopyFiles */ = {
			isa = PBXCopyFilesBuildPhase;
			buildActionMask = 2147483647;
			dstPath = /usr/share/man/man1/;
			dstSubfolderSpec = 0;
			files = (
			);
			runOnlyForDeploymentPostprocessing = 1;
		};
/* End PBXCopyFilesBuildPhase section */

/* Begin PBXFileReference section */
		C70F23751A777F5A00A131F1 /* binSeq.cpp */ = {isa = PBXFileReference; fileEncoding = 4; lastKnownFileType = sourcecode.cpp.cpp; path = binSeq.cpp; sourceTree = "<group>"; };
		C70F23761A777F5A00A131F1 /* binSeq.h */ = {isa = PBXFileReference; fileEncoding = 4; lastKnownFileType = sourcecode.c.h; path = binSeq.h; sourceTree = "<group>"; };
		C7103C821A6013CF00B2475E /* MappingSupervisor.cpp */ = {isa = PBXFileReference; fileEncoding = 4; lastKnownFileType = sourcecode.cpp.cpp; path = MappingSupervisor.cpp; sourceTree = "<group>"; };
		C7103C831A6013CF00B2475E /* MappingSupervisor.h */ = {isa = PBXFileReference; fileEncoding = 4; lastKnownFileType = sourcecode.c.h; path = MappingSupervisor.h; sourceTree = "<group>"; };
		C7103C851A6017A600B2475E /* Utils.cpp */ = {isa = PBXFileReference; fileEncoding = 4; lastKnownFileType = sourcecode.cpp.cpp; path = Utils.cpp; sourceTree = "<group>"; };
		C7103C861A6017A600B2475E /* Utils.h */ = {isa = PBXFileReference; fileEncoding = 4; lastKnownFileType = sourcecode.c.h; path = Utils.h; sourceTree = "<group>"; };
		C722EFAA1A66859700B7347E /* Old */ = {isa = PBXFileReference; fileEncoding = 4; lastKnownFileType = text; path = Old; sourceTree = "<group>"; };
		C731961C1A8E0C85006C0A33 /* graph.h */ = {isa = PBXFileReference; fileEncoding = 4; lastKnownFileType = sourcecode.c.h; path = graph.h; sourceTree = "<group>"; };
		C749FA8F1A40812000594542 /* PBMOG */ = {isa = PBXFileReference; explicitFileType = "compiled.mach-o.executable"; includeInIndex = 0; path = PBMOG; sourceTree = BUILT_PRODUCTS_DIR; };
		C749FA921A40812000594542 /* main.cpp */ = {isa = PBXFileReference; lastKnownFileType = sourcecode.cpp.cpp; path = main.cpp; sourceTree = "<group>"; };
/* End PBXFileReference section */

/* Begin PBXFrameworksBuildPhase section */
		C749FA8C1A40812000594542 /* Frameworks */ = {
			isa = PBXFrameworksBuildPhase;
			buildActionMask = 2147483647;
			files = (
			);
			runOnlyForDeploymentPostprocessing = 0;
		};
/* End PBXFrameworksBuildPhase section */

/* Begin PBXGroup section */
		C749FA861A40812000594542 = {
			isa = PBXGroup;
			children = (
				C749FA911A40812000594542 /* PBMOG */,
				C749FA901A40812000594542 /* Products */,
			);
			sourceTree = "<group>";
		};
		C749FA901A40812000594542 /* Products */ = {
			isa = PBXGroup;
			children = (
				C749FA8F1A40812000594542 /* PBMOG */,
			);
			name = Products;
			sourceTree = "<group>";
		};
		C749FA911A40812000594542 /* PBMOG */ = {
			isa = PBXGroup;
			children = (
				C7103C821A6013CF00B2475E /* MappingSupervisor.cpp */,
				C7103C831A6013CF00B2475E /* MappingSupervisor.h */,
				C7103C851A6017A600B2475E /* Utils.cpp */,
				C7103C861A6017A600B2475E /* Utils.h */,
				C70F23751A777F5A00A131F1 /* binSeq.cpp */,
				C70F23761A777F5A00A131F1 /* binSeq.h */,
				C749FA921A40812000594542 /* main.cpp */,
				C731961C1A8E0C85006C0A33 /* graph.h */,
				C722EFAA1A66859700B7347E /* Old */,
			);
			path = PBMOG;
			sourceTree = "<group>";
		};
/* End PBXGroup section */

/* Begin PBXNativeTarget section */
		C749FA8E1A40812000594542 /* PBMOG */ = {
			isa = PBXNativeTarget;
			buildConfigurationList = C749FA961A40812000594542 /* Build configuration list for PBXNativeTarget "PBMOG" */;
			buildPhases = (
				C749FA8B1A40812000594542 /* Sources */,
				C749FA8C1A40812000594542 /* Frameworks */,
				C749FA8D1A40812000594542 /* CopyFiles */,
			);
			buildRules = (
			);
			dependencies = (
			);
			name = PBMOG;
			productName = PBMOG;
			productReference = C749FA8F1A40812000594542 /* PBMOG */;
			productType = "com.apple.product-type.tool";
		};
/* End PBXNativeTarget section */

/* Begin PBXProject section */
		C749FA871A40812000594542 /* Project object */ = {
			isa = PBXProject;
			attributes = {
				LastUpgradeCheck = 0610;
				ORGANIZATIONNAME = malfoy;
				TargetAttributes = {
					C749FA8E1A40812000594542 = {
						CreatedOnToolsVersion = 6.1.1;
					};
				};
			};
			buildConfigurationList = C749FA8A1A40812000594542 /* Build configuration list for PBXProject "PBMOG" */;
			compatibilityVersion = "Xcode 3.2";
			developmentRegion = English;
			hasScannedForEncodings = 0;
			knownRegions = (
				en,
			);
			mainGroup = C749FA861A40812000594542;
			productRefGroup = C749FA901A40812000594542 /* Products */;
			projectDirPath = "";
			projectRoot = "";
			targets = (
				C749FA8E1A40812000594542 /* PBMOG */,
			);
		};
/* End PBXProject section */

/* Begin PBXSourcesBuildPhase section */
		C749FA8B1A40812000594542 /* Sources */ = {
			isa = PBXSourcesBuildPhase;
			buildActionMask = 2147483647;
			files = (
				C7103C871A6017A600B2475E /* Utils.cpp in Sources */,
				C70F23771A777F5A00A131F1 /* binSeq.cpp in Sources */,
				C7103C841A6013CF00B2475E /* MappingSupervisor.cpp in Sources */,
				C749FA931A40812000594542 /* main.cpp in Sources */,
			);
			runOnlyForDeploymentPostprocessing = 0;
		};
/* End PBXSourcesBuildPhase section */

/* Begin XCBuildConfiguration section */
		C749FA941A40812000594542 /* Debug */ = {
			isa = XCBuildConfiguration;
			buildSettings = {
				ALWAYS_SEARCH_USER_PATHS = NO;
				CLANG_CXX_LANGUAGE_STANDARD = "gnu++0x";
				CLANG_CXX_LIBRARY = "libc++";
				CLANG_ENABLE_MODULES = YES;
				CLANG_ENABLE_OBJC_ARC = YES;
				CLANG_WARN_BOOL_CONVERSION = YES;
				CLANG_WARN_CONSTANT_CONVERSION = YES;
				CLANG_WARN_DIRECT_OBJC_ISA_USAGE = YES_ERROR;
				CLANG_WARN_EMPTY_BODY = YES;
				CLANG_WARN_ENUM_CONVERSION = YES;
				CLANG_WARN_INT_CONVERSION = YES;
				CLANG_WARN_OBJC_ROOT_CLASS = YES_ERROR;
				CLANG_WARN_UNREACHABLE_CODE = YES;
				CLANG_WARN__DUPLICATE_METHOD_MATCH = YES;
				COPY_PHASE_STRIP = NO;
				ENABLE_STRICT_OBJC_MSGSEND = YES;
				GCC_C_LANGUAGE_STANDARD = gnu99;
				GCC_DYNAMIC_NO_PIC = NO;
				GCC_OPTIMIZATION_LEVEL = 0;
				GCC_PREPROCESSOR_DEFINITIONS = (
					"DEBUG=1",
					"$(inherited)",
				);
				GCC_SYMBOLS_PRIVATE_EXTERN = NO;
				GCC_WARN_64_TO_32_BIT_CONVERSION = YES;
				GCC_WARN_ABOUT_RETURN_TYPE = YES_ERROR;
				GCC_WARN_UNDECLARED_SELECTOR = YES;
				GCC_WARN_UNINITIALIZED_AUTOS = YES_AGGRESSIVE;
				GCC_WARN_UNUSED_FUNCTION = YES;
				GCC_WARN_UNUSED_VARIABLE = YES;
				MACOSX_DEPLOYMENT_TARGET = 10.10;
				MTL_ENABLE_DEBUG_INFO = YES;
				ONLY_ACTIVE_ARCH = YES;
				SDKROOT = macosx;
			};
			name = Debug;
		};
		C749FA951A40812000594542 /* Release */ = {
			isa = XCBuildConfiguration;
			buildSettings = {
				ALWAYS_SEARCH_USER_PATHS = NO;
				CLANG_CXX_LANGUAGE_STANDARD = "gnu++0x";
				CLANG_CXX_LIBRARY = "libc++";
				CLANG_ENABLE_MODULES = YES;
				CLANG_ENABLE_OBJC_ARC = YES;
				CLANG_WARN_BOOL_CONVERSION = YES;
				CLANG_WARN_CONSTANT_CONVERSION = YES;
				CLANG_WARN_DIRECT_OBJC_ISA_USAGE = YES_ERROR;
				CLANG_WARN_EMPTY_BODY = YES;
				CLANG_WARN_ENUM_CONVERSION = YES;
				CLANG_WARN_INT_CONVERSION = YES;
				CLANG_WARN_OBJC_ROOT_CLASS = YES_ERROR;
				CLANG_WARN_UNREACHABLE_CODE = YES;
				CLANG_WARN__DUPLICATE_METHOD_MATCH = YES;
				COPY_PHASE_STRIP = YES;
				DEBUG_INFORMATION_FORMAT = "dwarf-with-dsym";
				ENABLE_NS_ASSERTIONS = NO;
				ENABLE_STRICT_OBJC_MSGSEND = YES;
				GCC_C_LANGUAGE_STANDARD = gnu99;
				GCC_WARN_64_TO_32_BIT_CONVERSION = YES;
				GCC_WARN_ABOUT_RETURN_TYPE = YES_ERROR;
				GCC_WARN_UNDECLARED_SELECTOR = YES;
				GCC_WARN_UNINITIALIZED_AUTOS = YES_AGGRESSIVE;
				GCC_WARN_UNUSED_FUNCTION = YES;
				GCC_WARN_UNUSED_VARIABLE = YES;
				MACOSX_DEPLOYMENT_TARGET = 10.10;
				MTL_ENABLE_DEBUG_INFO = NO;
				SDKROOT = macosx;
			};
			name = Release;
		};
		C749FA971A40812000594542 /* Debug */ = {
			isa = XCBuildConfiguration;
			buildSettings = {
				CLANG_CXX_LANGUAGE_STANDARD = "c++14";
				CLANG_STATIC_ANALYZER_MODE = shallow;
				CLANG_USE_OPTIMIZATION_PROFILE = NO;
				CLANG_WARN_ASSIGN_ENUM = YES;
				CLANG_WARN_IMPLICIT_SIGN_CONVERSION = NO;
				CLANG_WARN_SUSPICIOUS_IMPLICIT_CONVERSION = YES;
				DEAD_CODE_STRIPPING = YES;
				GCC_C_LANGUAGE_STANDARD = gnu11;
				GCC_OPTIMIZATION_LEVEL = fast;
				GCC_WARN_ABOUT_MISSING_FIELD_INITIALIZERS = YES;
				GCC_WARN_ABOUT_MISSING_PROTOTYPES = NO;
				GCC_WARN_INITIALIZER_NOT_FULLY_BRACKETED = YES;
				GCC_WARN_PEDANTIC = YES;
				GCC_WARN_SHADOW = YES;
				GCC_WARN_SIGN_COMPARE = YES;
				GCC_WARN_UNUSED_LABEL = YES;
				GCC_WARN_UNUSED_PARAMETER = YES;
				GENERATE_PROFILING_CODE = YES;
				HEADER_SEARCH_PATHS = (
					"$(inherited)",
					/Applications/Xcode.app/Contents/Developer/Toolchains/XcodeDefault.xctoolchain/usr/include,
					/usr/local/include/,
				);
				LIBRARY_SEARCH_PATHS = (
					"/usr/local/lib/**",
					"/usr/local/include/**",
					"/usr/lib/**",
					"~/Downloads/seq-align-master/src/**",
					"/Users/alimasse/Downloads/seq-align-master/libs/bit_array",
					"/Users/alimasse/Downloads/seq-align-master/libs/string_buffer",
					"/Users/alimasse/Downloads/seq-align-master/src",
				);
				LLVM_LTO = YES;
				OTHER_CPLUSPLUSFLAGS = (
					"$(OTHER_CFLAGS)",
					"-lgmp",
				);
				PRODUCT_NAME = "$(TARGET_NAME)";
				RUN_CLANG_STATIC_ANALYZER = YES;
				VALIDATE_PRODUCT = YES;
			};
			name = Debug;
		};
		C749FA981A40812000594542 /* Release */ = {
			isa = XCBuildConfiguration;
			buildSettings = {
				CLANG_CXX_LANGUAGE_STANDARD = "c++14";
				CLANG_STATIC_ANALYZER_MODE = shallow;
				CLANG_USE_OPTIMIZATION_PROFILE = NO;
				CLANG_WARN_ASSIGN_ENUM = YES;
				CLANG_WARN_IMPLICIT_SIGN_CONVERSION = NO;
				CLANG_WARN_SUSPICIOUS_IMPLICIT_CONVERSION = YES;
				DEAD_CODE_STRIPPING = YES;
				GCC_C_LANGUAGE_STANDARD = gnu11;
				GCC_OPTIMIZATION_LEVEL = fast;
				GCC_WARN_ABOUT_MISSING_FIELD_INITIALIZERS = YES;
				GCC_WARN_ABOUT_MISSING_PROTOTYPES = NO;
				GCC_WARN_INITIALIZER_NOT_FULLY_BRACKETED = YES;
				GCC_WARN_PEDANTIC = YES;
				GCC_WARN_SHADOW = YES;
				GCC_WARN_SIGN_COMPARE = YES;
				GCC_WARN_UNUSED_LABEL = YES;
				GCC_WARN_UNUSED_PARAMETER = YES;
				GENERATE_PROFILING_CODE = YES;
				HEADER_SEARCH_PATHS = (
					"$(inherited)",
					/Applications/Xcode.app/Contents/Developer/Toolchains/XcodeDefault.xctoolchain/usr/include,
					/usr/local/include/,
				);
				LIBRARY_SEARCH_PATHS = (
					"/usr/local/lib/**",
					"/usr/local/include/**",
					"/usr/lib/**",
					"~/Downloads/seq-align-master/src/**",
					"/Users/alimasse/Downloads/seq-align-master/libs/bit_array",
					"/Users/alimasse/Downloads/seq-align-master/libs/string_buffer",
					"/Users/alimasse/Downloads/seq-align-master/src",
				);
				LLVM_LTO = YES;
				OTHER_CPLUSPLUSFLAGS = (
					"$(OTHER_CFLAGS)",
					"-lgmp",
				);
				PRODUCT_NAME = "$(TARGET_NAME)";
				RUN_CLANG_STATIC_ANALYZER = YES;
				VALIDATE_PRODUCT = YES;
			};
			name = Release;
		};
/* End XCBuildConfiguration section */

/* Begin XCConfigurationList section */
		C749FA8A1A40812000594542 /* Build configuration list for PBXProject "PBMOG" */ = {
			isa = XCConfigurationList;
			buildConfigurations = (
				C749FA941A40812000594542 /* Debug */,
				C749FA951A40812000594542 /* Release */,
			);
			defaultConfigurationIsVisible = 0;
			defaultConfigurationName = Release;
		};
		C749FA961A40812000594542 /* Build configuration list for PBXNativeTarget "PBMOG" */ = {
			isa = XCConfigurationList;
			buildConfigurations = (
				C749FA971A40812000594542 /* Debug */,
				C749FA981A40812000594542 /* Release */,
			);
			defaultConfigurationIsVisible = 0;
			defaultConfigurationName = Release;
		};
/* End XCConfigurationList section */
	};
	rootObject = C749FA871A40812000594542 /* Project object */;
}
